
Microsoft Visual Studio Solution File, Format Version 12.00
# Visual Studio Version 16
VisualStudioVersion = 16.0.31515.178
MinimumVisualStudioVersion = 10.0.40219.1
Project("{FAE04EC0-301F-11D3-BF4B-00C04F79EFBC}") = "ex2_Dependency_Injection", "ex2_Dependency_Injection\ex2_Dependency_Injection.csproj", "{A1AA9253-A59B-4649-98C6-83FA1A0E0C4E}"
EndProject
Global
	GlobalSection(SolutionConfigurationPlatforms) = preSolution
		Debug|Any CPU = Debug|Any CPU
		Release|Any CPU = Release|Any CPU
	EndGlobalSection
	GlobalSection(ProjectConfigurationPlatforms) = postSolution
		{A1AA9253-A59B-4649-98C6-83FA1A0E0C4E}.Debug|Any CPU.ActiveCfg = Debug|Any CPU
		{A1AA9253-A59B-4649-98C6-83FA1A0E0C4E}.Debug|Any CPU.Build.0 = Debug|Any CPU
		{A1AA9253-A59B-4649-98C6-83FA1A0E0C4E}.Release|Any CPU.ActiveCfg = Release|Any CPU
		{A1AA9253-A59B-4649-98C6-83FA1A0E0C4E}.Release|Any CPU.Build.0 = Release|Any CPU
	EndGlobalSection
	GlobalSection(SolutionProperties) = preSolution
		HideSolutionNode = FALSE
	EndGlobalSection
	GlobalSection(ExtensibilityGlobals) = postSolution
		SolutionGuid = {336FBFAE-BF4A-4518-A085-96E3B76AA06D}
	EndGlobalSection
EndGlobal
